
Microsoft Visual Studio Solution File, Format Version 12.00
# Visual Studio 14
VisualStudioVersion = 14.0.23107.0
MinimumVisualStudioVersion = 10.0.40219.1
Project("{FAE04EC0-301F-11D3-BF4B-00C04F79EFBC}") = "CodeCamper.Web", "CodeCamper.Web\CodeCamper.Web.csproj", "{D8E78B8D-BAE6-4971-AB69-07D5F9D8BB14}"
EndProject
Project("{FAE04EC0-301F-11D3-BF4B-00C04F79EFBC}") = "CodeCamper.Da", "CodeCamper.Da\CodeCamper.Da.csproj", "{65D81604-7FCE-4AD7-8CB8-696C062177DA}"
EndProject
Global
	GlobalSection(SolutionConfigurationPlatforms) = preSolution
		Debug|Any CPU = Debug|Any CPU
		Release|Any CPU = Release|Any CPU
	EndGlobalSection
	GlobalSection(ProjectConfigurationPlatforms) = postSolution
		{D8E78B8D-BAE6-4971-AB69-07D5F9D8BB14}.Debug|Any CPU.ActiveCfg = Debug|Any CPU
		{D8E78B8D-BAE6-4971-AB69-07D5F9D8BB14}.Debug|Any CPU.Build.0 = Debug|Any CPU
		{D8E78B8D-BAE6-4971-AB69-07D5F9D8BB14}.Release|Any CPU.ActiveCfg = Release|Any CPU
		{D8E78B8D-BAE6-4971-AB69-07D5F9D8BB14}.Release|Any CPU.Build.0 = Release|Any CPU
		{65D81604-7FCE-4AD7-8CB8-696C062177DA}.Debug|Any CPU.ActiveCfg = Debug|Any CPU
		{65D81604-7FCE-4AD7-8CB8-696C062177DA}.Debug|Any CPU.Build.0 = Debug|Any CPU
		{65D81604-7FCE-4AD7-8CB8-696C062177DA}.Release|Any CPU.ActiveCfg = Release|Any CPU
		{65D81604-7FCE-4AD7-8CB8-696C062177DA}.Release|Any CPU.Build.0 = Release|Any CPU
	EndGlobalSection
	GlobalSection(SolutionProperties) = preSolution
		HideSolutionNode = FALSE
	EndGlobalSection
EndGlobal
